# This file is automatically @generated by Poetry 1.4.2 and should not be changed by hand.

[[package]]
name = "paho-mqtt"
version = "1.6.1"
description = "MQTT version 5.0/3.1.1 client class"
category = "main"
optional = false
python-versions = "*"
files = [
    {file = "paho-mqtt-1.6.1.tar.gz", hash = "sha256:2a8291c81623aec00372b5a85558a372c747cbca8e9934dfe218638b8eefc26f"},
]

[package.extras]
proxy = ["PySocks"]

[[package]]
name = "stmpy"
version = "0.7.5"
description = "Support for state machines"
category = "main"
optional = false
python-versions = "*"
files = [
    {file = "stmpy-0.7.5.tar.gz", hash = "sha256:6909ac172d2385c63c8d4311d6887c9f9b75f09afa530ab8fa3620819cc54ee5"},
]

[metadata]
lock-version = "2.0"
python-versions = "^3.9"
content-hash = "f0bfe676b1665e8262ac22d11b0c8803cfec62fad934ac02f2912fbc361e41c8"
